
Microsoft Visual Studio Solution File, Format Version 12.00
# Visual Studio 14
VisualStudioVersion = 14.0.25420.1
MinimumVisualStudioVersion = 10.0.40219.1
Project("{FAE04EC0-301F-11D3-BF4B-00C04F79EFBC}") = "EntityMatch", "EntityMatch\EntityMatch.csproj", "{BA262F30-AFE2-4A91-ACCB-ABAE237D9B85}"
EndProject
Project("{FAE04EC0-301F-11D3-BF4B-00C04F79EFBC}") = "TestMatcher", "TestMatcher\TestMatcher.csproj", "{5DC7399C-ECEB-4E92-B467-5A7C40A5FD09}"
EndProject
Project("{2150E333-8FDC-42A3-9474-1A3956D46DE8}") = "AutoComplete", "AutoComplete", "{3CF4709D-4996-4A72-AF0E-1C2B46A0AD01}"
EndProject
Project("{FAE04EC0-301F-11D3-BF4B-00C04F79EFBC}") = "Common", "AutoComplete\Common\Common.csproj", "{E112C05E-7777-4A25-BD90-97A4204C0E69}"
EndProject
Project("{FAE04EC0-301F-11D3-BF4B-00C04F79EFBC}") = "EditTrie", "AutoComplete\EditTrie\EditTrie.csproj", "{D2484572-E5C8-428D-A1C2-95E3B0CF8159}"
EndProject
Global
	GlobalSection(SolutionConfigurationPlatforms) = preSolution
		Debug|Any CPU = Debug|Any CPU
		Release|Any CPU = Release|Any CPU
	EndGlobalSection
	GlobalSection(ProjectConfigurationPlatforms) = postSolution
		{BA262F30-AFE2-4A91-ACCB-ABAE237D9B85}.Debug|Any CPU.ActiveCfg = Debug|Any CPU
		{BA262F30-AFE2-4A91-ACCB-ABAE237D9B85}.Debug|Any CPU.Build.0 = Debug|Any CPU
		{BA262F30-AFE2-4A91-ACCB-ABAE237D9B85}.Release|Any CPU.ActiveCfg = Release|Any CPU
		{BA262F30-AFE2-4A91-ACCB-ABAE237D9B85}.Release|Any CPU.Build.0 = Release|Any CPU
		{5DC7399C-ECEB-4E92-B467-5A7C40A5FD09}.Debug|Any CPU.ActiveCfg = Debug|Any CPU
		{5DC7399C-ECEB-4E92-B467-5A7C40A5FD09}.Debug|Any CPU.Build.0 = Debug|Any CPU
		{5DC7399C-ECEB-4E92-B467-5A7C40A5FD09}.Release|Any CPU.ActiveCfg = Release|Any CPU
		{5DC7399C-ECEB-4E92-B467-5A7C40A5FD09}.Release|Any CPU.Build.0 = Release|Any CPU
		{E112C05E-7777-4A25-BD90-97A4204C0E69}.Debug|Any CPU.ActiveCfg = Debug|Any CPU
		{E112C05E-7777-4A25-BD90-97A4204C0E69}.Debug|Any CPU.Build.0 = Debug|Any CPU
		{E112C05E-7777-4A25-BD90-97A4204C0E69}.Release|Any CPU.ActiveCfg = Release|Any CPU
		{E112C05E-7777-4A25-BD90-97A4204C0E69}.Release|Any CPU.Build.0 = Release|Any CPU
		{D2484572-E5C8-428D-A1C2-95E3B0CF8159}.Debug|Any CPU.ActiveCfg = Debug|Any CPU
		{D2484572-E5C8-428D-A1C2-95E3B0CF8159}.Debug|Any CPU.Build.0 = Debug|Any CPU
		{D2484572-E5C8-428D-A1C2-95E3B0CF8159}.Release|Any CPU.ActiveCfg = Release|Any CPU
		{D2484572-E5C8-428D-A1C2-95E3B0CF8159}.Release|Any CPU.Build.0 = Release|Any CPU
	EndGlobalSection
	GlobalSection(SolutionProperties) = preSolution
		HideSolutionNode = FALSE
	EndGlobalSection
	GlobalSection(NestedProjects) = preSolution
		{E112C05E-7777-4A25-BD90-97A4204C0E69} = {3CF4709D-4996-4A72-AF0E-1C2B46A0AD01}
		{D2484572-E5C8-428D-A1C2-95E3B0CF8159} = {3CF4709D-4996-4A72-AF0E-1C2B46A0AD01}
	EndGlobalSection
EndGlobal
